
Microsoft Visual Studio Solution File, Format Version 12.00
# Visual Studio Version 17
VisualStudioVersion = 17.5.2.0
MinimumVisualStudioVersion = 10.0.40219.1
Project("{2150E333-8FDC-42A3-9474-1A3956D46DE8}") = "Years", "Years", "{FD8BDF4F-34B8-71A3-12A3-EB75D37D9221}"
EndProject
Project("{2150E333-8FDC-42A3-9474-1A3956D46DE8}") = "2025", "2025", "{F07E7339-834A-C650-4548-C4153BDE9F79}"
EndProject
Project("{2150E333-8FDC-42A3-9474-1A3956D46DE8}") = "Day01", "Day01", "{C27D2793-CE08-0373-2550-08316D437D5F}"
EndProject
Project("{FAE04EC0-301F-11D3-BF4B-00C04F79EFBC}") = "Y2025.Day01", "Years\2025\Day01\Y2025.Day01.csproj", "{2F9C2BD6-BA9E-AE97-EB42-E77D5E18D050}"
EndProject
Project("{2150E333-8FDC-42A3-9474-1A3956D46DE8}") = "Day02", "Day02", "{5AA8C3DC-4850-DFA5-7950-9CF8D1BC8699}"
EndProject
Project("{FAE04EC0-301F-11D3-BF4B-00C04F79EFBC}") = "Y2025.Day02", "Years\2025\Day02\Y2025.Day02.csproj", "{B96D702E-0F66-4E41-8979-1698F3E1544D}"
EndProject
Project("{2150E333-8FDC-42A3-9474-1A3956D46DE8}") = "Day03", "Day03", "{A78523FE-5323-8A7B-A07F-6CDDBEFE7937}"
EndProject
Project("{FAE04EC0-301F-11D3-BF4B-00C04F79EFBC}") = "Y2025.Day03", "Years\2025\Day03\Y2025.Day03.csproj", "{E9C71097-0E39-482D-AD7E-6F02B2807505}"
EndProject
Project("{2150E333-8FDC-42A3-9474-1A3956D46DE8}") = "Day04", "Day04", "{71622714-1DB8-54C3-5C3C-D128F71D2A47}"
EndProject
Project("{FAE04EC0-301F-11D3-BF4B-00C04F79EFBC}") = "Y2025.Day04", "Years\2025\Day04\Y2025.Day04.csproj", "{A9020372-6D1A-49D9-A36E-E6887733C0E3}"
EndProject
Global
	GlobalSection(SolutionConfigurationPlatforms) = preSolution
		Debug|Any CPU = Debug|Any CPU
		Debug|x64 = Debug|x64
		Debug|x86 = Debug|x86
		Release|Any CPU = Release|Any CPU
		Release|x64 = Release|x64
		Release|x86 = Release|x86
	EndGlobalSection
	GlobalSection(ProjectConfigurationPlatforms) = postSolution
		{2F9C2BD6-BA9E-AE97-EB42-E77D5E18D050}.Debug|Any CPU.ActiveCfg = Debug|Any CPU
		{2F9C2BD6-BA9E-AE97-EB42-E77D5E18D050}.Debug|Any CPU.Build.0 = Debug|Any CPU
		{2F9C2BD6-BA9E-AE97-EB42-E77D5E18D050}.Debug|x64.ActiveCfg = Debug|Any CPU
		{2F9C2BD6-BA9E-AE97-EB42-E77D5E18D050}.Debug|x64.Build.0 = Debug|Any CPU
		{2F9C2BD6-BA9E-AE97-EB42-E77D5E18D050}.Debug|x86.ActiveCfg = Debug|Any CPU
		{2F9C2BD6-BA9E-AE97-EB42-E77D5E18D050}.Debug|x86.Build.0 = Debug|Any CPU
		{2F9C2BD6-BA9E-AE97-EB42-E77D5E18D050}.Release|Any CPU.ActiveCfg = Release|Any CPU
		{2F9C2BD6-BA9E-AE97-EB42-E77D5E18D050}.Release|Any CPU.Build.0 = Release|Any CPU
		{2F9C2BD6-BA9E-AE97-EB42-E77D5E18D050}.Release|x64.ActiveCfg = Release|Any CPU
		{2F9C2BD6-BA9E-AE97-EB42-E77D5E18D050}.Release|x64.Build.0 = Release|Any CPU
		{2F9C2BD6-BA9E-AE97-EB42-E77D5E18D050}.Release|x86.ActiveCfg = Release|Any CPU
		{2F9C2BD6-BA9E-AE97-EB42-E77D5E18D050}.Release|x86.Build.0 = Release|Any CPU
		{B96D702E-0F66-4E41-8979-1698F3E1544D}.Debug|Any CPU.ActiveCfg = Debug|Any CPU
		{B96D702E-0F66-4E41-8979-1698F3E1544D}.Debug|Any CPU.Build.0 = Debug|Any CPU
		{B96D702E-0F66-4E41-8979-1698F3E1544D}.Debug|x64.ActiveCfg = Debug|Any CPU
		{B96D702E-0F66-4E41-8979-1698F3E1544D}.Debug|x64.Build.0 = Debug|Any CPU
		{B96D702E-0F66-4E41-8979-1698F3E1544D}.Debug|x86.ActiveCfg = Debug|Any CPU
		{B96D702E-0F66-4E41-8979-1698F3E1544D}.Debug|x86.Build.0 = Debug|Any CPU
		{B96D702E-0F66-4E41-8979-1698F3E1544D}.Release|Any CPU.ActiveCfg = Release|Any CPU
		{B96D702E-0F66-4E41-8979-1698F3E1544D}.Release|Any CPU.Build.0 = Release|Any CPU
		{B96D702E-0F66-4E41-8979-1698F3E1544D}.Release|x64.ActiveCfg = Release|Any CPU
		{B96D702E-0F66-4E41-8979-1698F3E1544D}.Release|x64.Build.0 = Release|Any CPU
		{B96D702E-0F66-4E41-8979-1698F3E1544D}.Release|x86.ActiveCfg = Release|Any CPU
		{B96D702E-0F66-4E41-8979-1698F3E1544D}.Release|x86.Build.0 = Release|Any CPU
		{E9C71097-0E39-482D-AD7E-6F02B2807505}.Debug|Any CPU.ActiveCfg = Debug|Any CPU
		{E9C71097-0E39-482D-AD7E-6F02B2807505}.Debug|Any CPU.Build.0 = Debug|Any CPU
		{E9C71097-0E39-482D-AD7E-6F02B2807505}.Debug|x64.ActiveCfg = Debug|Any CPU
		{E9C71097-0E39-482D-AD7E-6F02B2807505}.Debug|x64.Build.0 = Debug|Any CPU
		{E9C71097-0E39-482D-AD7E-6F02B2807505}.Debug|x86.ActiveCfg = Debug|Any CPU
		{E9C71097-0E39-482D-AD7E-6F02B2807505}.Debug|x86.Build.0 = Debug|Any CPU
		{E9C71097-0E39-482D-AD7E-6F02B2807505}.Release|Any CPU.ActiveCfg = Release|Any CPU
		{E9C71097-0E39-482D-AD7E-6F02B2807505}.Release|Any CPU.Build.0 = Release|Any CPU
		{E9C71097-0E39-482D-AD7E-6F02B2807505}.Release|x64.ActiveCfg = Release|Any CPU
		{E9C71097-0E39-482D-AD7E-6F02B2807505}.Release|x64.Build.0 = Release|Any CPU
		{E9C71097-0E39-482D-AD7E-6F02B2807505}.Release|x86.ActiveCfg = Release|Any CPU
		{E9C71097-0E39-482D-AD7E-6F02B2807505}.Release|x86.Build.0 = Release|Any CPU
		{A9020372-6D1A-49D9-A36E-E6887733C0E3}.Debug|Any CPU.ActiveCfg = Debug|Any CPU
		{A9020372-6D1A-49D9-A36E-E6887733C0E3}.Debug|Any CPU.Build.0 = Debug|Any CPU
		{A9020372-6D1A-49D9-A36E-E6887733C0E3}.Debug|x64.ActiveCfg = Debug|Any CPU
		{A9020372-6D1A-49D9-A36E-E6887733C0E3}.Debug|x64.Build.0 = Debug|Any CPU
		{A9020372-6D1A-49D9-A36E-E6887733C0E3}.Debug|x86.ActiveCfg = Debug|Any CPU
		{A9020372-6D1A-49D9-A36E-E6887733C0E3}.Debug|x86.Build.0 = Debug|Any CPU
		{A9020372-6D1A-49D9-A36E-E6887733C0E3}.Release|Any CPU.ActiveCfg = Release|Any CPU
		{A9020372-6D1A-49D9-A36E-E6887733C0E3}.Release|Any CPU.Build.0 = Release|Any CPU
		{A9020372-6D1A-49D9-A36E-E6887733C0E3}.Release|x64.ActiveCfg = Release|Any CPU
		{A9020372-6D1A-49D9-A36E-E6887733C0E3}.Release|x64.Build.0 = Release|Any CPU
		{A9020372-6D1A-49D9-A36E-E6887733C0E3}.Release|x86.ActiveCfg = Release|Any CPU
		{A9020372-6D1A-49D9-A36E-E6887733C0E3}.Release|x86.Build.0 = Release|Any CPU
	EndGlobalSection
	GlobalSection(SolutionProperties) = preSolution
		HideSolutionNode = FALSE
	EndGlobalSection
	GlobalSection(NestedProjects) = preSolution
		{F07E7339-834A-C650-4548-C4153BDE9F79} = {FD8BDF4F-34B8-71A3-12A3-EB75D37D9221}
		{C27D2793-CE08-0373-2550-08316D437D5F} = {F07E7339-834A-C650-4548-C4153BDE9F79}
		{2F9C2BD6-BA9E-AE97-EB42-E77D5E18D050} = {C27D2793-CE08-0373-2550-08316D437D5F}
		{5AA8C3DC-4850-DFA5-7950-9CF8D1BC8699} = {F07E7339-834A-C650-4548-C4153BDE9F79}
		{B96D702E-0F66-4E41-8979-1698F3E1544D} = {5AA8C3DC-4850-DFA5-7950-9CF8D1BC8699}
		{A78523FE-5323-8A7B-A07F-6CDDBEFE7937} = {F07E7339-834A-C650-4548-C4153BDE9F79}
		{E9C71097-0E39-482D-AD7E-6F02B2807505} = {A78523FE-5323-8A7B-A07F-6CDDBEFE7937}
		{71622714-1DB8-54C3-5C3C-D128F71D2A47} = {F07E7339-834A-C650-4548-C4153BDE9F79}
		{A9020372-6D1A-49D9-A36E-E6887733C0E3} = {71622714-1DB8-54C3-5C3C-D128F71D2A47}
	EndGlobalSection
	GlobalSection(ExtensibilityGlobals) = postSolution
		SolutionGuid = {437133BC-AFCB-46DA-886D-4BE4E7D7798E}
	EndGlobalSection
EndGlobal
